
Microsoft Visual Studio Solution File, Format Version 12.00
# Visual Studio Version 17
Project("{2150E333-8FDC-42A3-9474-1A3956D46DE8}") = "CMakePredefinedTargets", "CMakePredefinedTargets", "{D078A553-8C9A-30DA-A517-7859A40EBB55}"
EndProject
Project("{2150E333-8FDC-42A3-9474-1A3956D46DE8}") = "External", "External", "{05E46FBF-7B36-31FF-815B-215B09EB9AAA}"
EndProject
Project("{2150E333-8FDC-42A3-9474-1A3956D46DE8}") = "Internal", "Internal", "{C5B5EAFB-3FC6-301F-97A7-E6CF90B4A355}"
EndProject
Project("{2150E333-8FDC-42A3-9474-1A3956D46DE8}") = "Utils", "Utils", "{7A6F75E9-5EF4-3728-B016-104DD5C9250A}"
EndProject
Project("{8BC9CEB8-8B4A-11D0-8D11-00A0C91BC942}") = "ALL_BUILD", "ALL_BUILD.vcxproj", "{B9EB4397-E32D-38DD-B2E9-F5D7C5248CF3}"
	ProjectSection(ProjectDependencies) = postProject
		{F07136FA-40FE-34E9-8F75-21C3EA5C0F94} = {F07136FA-40FE-34E9-8F75-21C3EA5C0F94}
		{FB71AA04-ACC2-3F2F-99B7-F301785B51F6} = {FB71AA04-ACC2-3F2F-99B7-F301785B51F6}
		{074233A1-207C-3C1A-99B7-583AF8DA8509} = {074233A1-207C-3C1A-99B7-583AF8DA8509}
		{53B4E767-3537-326E-831E-FE790E503BF0} = {53B4E767-3537-326E-831E-FE790E503BF0}
		{32480BBF-8224-3B09-8CC4-605CB37E5B76} = {32480BBF-8224-3B09-8CC4-605CB37E5B76}
		{03A40285-98A8-33B1-8A31-22847CFB266E} = {03A40285-98A8-33B1-8A31-22847CFB266E}
		{9378FBC0-EAE5-3838-B32E-774091577CD6} = {9378FBC0-EAE5-3838-B32E-774091577CD6}
		{3ECF8580-B3D5-3317-8AAF-036913DE076D} = {3ECF8580-B3D5-3317-8AAF-036913DE076D}
		{FFCD1307-C7B1-31D8-9FB7-AFF085B9E223} = {FFCD1307-C7B1-31D8-9FB7-AFF085B9E223}
		{B0D9A64A-D1A4-319B-9194-BBA7234D686D} = {B0D9A64A-D1A4-319B-9194-BBA7234D686D}
		{E7263643-8C27-374C-BB70-A0074C0C5D84} = {E7263643-8C27-374C-BB70-A0074C0C5D84}
		{FE58F7E7-99D3-35F8-9548-B323F424C55E} = {FE58F7E7-99D3-35F8-9548-B323F424C55E}
		{E43FFDA9-0F96-3CBA-9D69-3C289F08C041} = {E43FFDA9-0F96-3CBA-9D69-3C289F08C041}
		{2AAF02E5-A5A5-3F6A-88B5-EB2A6A29AACE} = {2AAF02E5-A5A5-3F6A-88B5-EB2A6A29AACE}
		{F9A0B019-7FD3-3D3A-B32E-3612B2D41696} = {F9A0B019-7FD3-3D3A-B32E-3612B2D41696}
	EndProjectSection
EndProject
Project("{8BC9CEB8-8B4A-11D0-8D11-00A0C91BC942}") = "ProjectSEM2", "ProjectSEM2.vcxproj", "{F07136FA-40FE-34E9-8F75-21C3EA5C0F94}"
	ProjectSection(ProjectDependencies) = postProject
		{FB71AA04-ACC2-3F2F-99B7-F301785B51F6} = {FB71AA04-ACC2-3F2F-99B7-F301785B51F6}
		{074233A1-207C-3C1A-99B7-583AF8DA8509} = {074233A1-207C-3C1A-99B7-583AF8DA8509}
		{53B4E767-3537-326E-831E-FE790E503BF0} = {53B4E767-3537-326E-831E-FE790E503BF0}
		{32480BBF-8224-3B09-8CC4-605CB37E5B76} = {32480BBF-8224-3B09-8CC4-605CB37E5B76}
		{03A40285-98A8-33B1-8A31-22847CFB266E} = {03A40285-98A8-33B1-8A31-22847CFB266E}
		{9378FBC0-EAE5-3838-B32E-774091577CD6} = {9378FBC0-EAE5-3838-B32E-774091577CD6}
		{3ECF8580-B3D5-3317-8AAF-036913DE076D} = {3ECF8580-B3D5-3317-8AAF-036913DE076D}
		{FFCD1307-C7B1-31D8-9FB7-AFF085B9E223} = {FFCD1307-C7B1-31D8-9FB7-AFF085B9E223}
		{B0D9A64A-D1A4-319B-9194-BBA7234D686D} = {B0D9A64A-D1A4-319B-9194-BBA7234D686D}
		{E7263643-8C27-374C-BB70-A0074C0C5D84} = {E7263643-8C27-374C-BB70-A0074C0C5D84}
		{FE58F7E7-99D3-35F8-9548-B323F424C55E} = {FE58F7E7-99D3-35F8-9548-B323F424C55E}
		{E43FFDA9-0F96-3CBA-9D69-3C289F08C041} = {E43FFDA9-0F96-3CBA-9D69-3C289F08C041}
		{2AAF02E5-A5A5-3F6A-88B5-EB2A6A29AACE} = {2AAF02E5-A5A5-3F6A-88B5-EB2A6A29AACE}
		{F9A0B019-7FD3-3D3A-B32E-3612B2D41696} = {F9A0B019-7FD3-3D3A-B32E-3612B2D41696}
	EndProjectSection
EndProject
Project("{8BC9CEB8-8B4A-11D0-8D11-00A0C91BC942}") = "SYNC_RESOURCE-ProjectSEM2", "SYNC_RESOURCE-ProjectSEM2.vcxproj", "{FB71AA04-ACC2-3F2F-99B7-F301785B51F6}"
	ProjectSection(ProjectDependencies) = postProject
		{074233A1-207C-3C1A-99B7-583AF8DA8509} = {074233A1-207C-3C1A-99B7-583AF8DA8509}
	EndProjectSection
EndProject
Project("{8BC9CEB8-8B4A-11D0-8D11-00A0C91BC942}") = "ZERO_CHECK", "ZERO_CHECK.vcxproj", "{074233A1-207C-3C1A-99B7-583AF8DA8509}"
	ProjectSection(ProjectDependencies) = postProject
	EndProjectSection
EndProject
Project("{8BC9CEB8-8B4A-11D0-8D11-00A0C91BC942}") = "cocos2d", "engine\cocos\core\cocos2d.vcxproj", "{53B4E767-3537-326E-831E-FE790E503BF0}"
	ProjectSection(ProjectDependencies) = postProject
		{074233A1-207C-3C1A-99B7-583AF8DA8509} = {074233A1-207C-3C1A-99B7-583AF8DA8509}
		{32480BBF-8224-3B09-8CC4-605CB37E5B76} = {32480BBF-8224-3B09-8CC4-605CB37E5B76}
		{03A40285-98A8-33B1-8A31-22847CFB266E} = {03A40285-98A8-33B1-8A31-22847CFB266E}
		{9378FBC0-EAE5-3838-B32E-774091577CD6} = {9378FBC0-EAE5-3838-B32E-774091577CD6}
		{3ECF8580-B3D5-3317-8AAF-036913DE076D} = {3ECF8580-B3D5-3317-8AAF-036913DE076D}
		{FFCD1307-C7B1-31D8-9FB7-AFF085B9E223} = {FFCD1307-C7B1-31D8-9FB7-AFF085B9E223}
		{B0D9A64A-D1A4-319B-9194-BBA7234D686D} = {B0D9A64A-D1A4-319B-9194-BBA7234D686D}
		{E7263643-8C27-374C-BB70-A0074C0C5D84} = {E7263643-8C27-374C-BB70-A0074C0C5D84}
		{FE58F7E7-99D3-35F8-9548-B323F424C55E} = {FE58F7E7-99D3-35F8-9548-B323F424C55E}
		{E43FFDA9-0F96-3CBA-9D69-3C289F08C041} = {E43FFDA9-0F96-3CBA-9D69-3C289F08C041}
		{2AAF02E5-A5A5-3F6A-88B5-EB2A6A29AACE} = {2AAF02E5-A5A5-3F6A-88B5-EB2A6A29AACE}
		{F9A0B019-7FD3-3D3A-B32E-3612B2D41696} = {F9A0B019-7FD3-3D3A-B32E-3612B2D41696}
	EndProjectSection
EndProject
Project("{8BC9CEB8-8B4A-11D0-8D11-00A0C91BC942}") = "ext_clipper", "engine\external\clipper\ext_clipper.vcxproj", "{32480BBF-8224-3B09-8CC4-605CB37E5B76}"
	ProjectSection(ProjectDependencies) = postProject
		{074233A1-207C-3C1A-99B7-583AF8DA8509} = {074233A1-207C-3C1A-99B7-583AF8DA8509}
	EndProjectSection
EndProject
Project("{8BC9CEB8-8B4A-11D0-8D11-00A0C91BC942}") = "ext_convertUTF", "engine\external\ConvertUTF\ext_convertUTF.vcxproj", "{03A40285-98A8-33B1-8A31-22847CFB266E}"
	ProjectSection(ProjectDependencies) = postProject
		{074233A1-207C-3C1A-99B7-583AF8DA8509} = {074233A1-207C-3C1A-99B7-583AF8DA8509}
	EndProjectSection
EndProject
Project("{8BC9CEB8-8B4A-11D0-8D11-00A0C91BC942}") = "ext_edtaa3func", "engine\external\edtaa3func\ext_edtaa3func.vcxproj", "{9378FBC0-EAE5-3838-B32E-774091577CD6}"
	ProjectSection(ProjectDependencies) = postProject
		{074233A1-207C-3C1A-99B7-583AF8DA8509} = {074233A1-207C-3C1A-99B7-583AF8DA8509}
	EndProjectSection
EndProject
Project("{8BC9CEB8-8B4A-11D0-8D11-00A0C91BC942}") = "ext_md5", "engine\external\md5\ext_md5.vcxproj", "{3ECF8580-B3D5-3317-8AAF-036913DE076D}"
	ProjectSection(ProjectDependencies) = postProject
		{074233A1-207C-3C1A-99B7-583AF8DA8509} = {074233A1-207C-3C1A-99B7-583AF8DA8509}
	EndProjectSection
EndProject
Project("{8BC9CEB8-8B4A-11D0-8D11-00A0C91BC942}") = "ext_poly2tri", "engine\external\poly2tri\ext_poly2tri.vcxproj", "{FFCD1307-C7B1-31D8-9FB7-AFF085B9E223}"
	ProjectSection(ProjectDependencies) = postProject
		{074233A1-207C-3C1A-99B7-583AF8DA8509} = {074233A1-207C-3C1A-99B7-583AF8DA8509}
	EndProjectSection
EndProject
Project("{8BC9CEB8-8B4A-11D0-8D11-00A0C91BC942}") = "ext_recast", "engine\external\recast\ext_recast.vcxproj", "{B0D9A64A-D1A4-319B-9194-BBA7234D686D}"
	ProjectSection(ProjectDependencies) = postProject
		{074233A1-207C-3C1A-99B7-583AF8DA8509} = {074233A1-207C-3C1A-99B7-583AF8DA8509}
	EndProjectSection
EndProject
Project("{8BC9CEB8-8B4A-11D0-8D11-00A0C91BC942}") = "ext_tinyxml2", "engine\external\tinyxml2\ext_tinyxml2.vcxproj", "{E7263643-8C27-374C-BB70-A0074C0C5D84}"
	ProjectSection(ProjectDependencies) = postProject
		{074233A1-207C-3C1A-99B7-583AF8DA8509} = {074233A1-207C-3C1A-99B7-583AF8DA8509}
	EndProjectSection
EndProject
Project("{8BC9CEB8-8B4A-11D0-8D11-00A0C91BC942}") = "ext_unzip", "engine\external\unzip\ext_unzip.vcxproj", "{FE58F7E7-99D3-35F8-9548-B323F424C55E}"
	ProjectSection(ProjectDependencies) = postProject
		{074233A1-207C-3C1A-99B7-583AF8DA8509} = {074233A1-207C-3C1A-99B7-583AF8DA8509}
	EndProjectSection
EndProject
Project("{8BC9CEB8-8B4A-11D0-8D11-00A0C91BC942}") = "ext_xxhash", "engine\external\xxhash\ext_xxhash.vcxproj", "{E43FFDA9-0F96-3CBA-9D69-3C289F08C041}"
	ProjectSection(ProjectDependencies) = postProject
		{074233A1-207C-3C1A-99B7-583AF8DA8509} = {074233A1-207C-3C1A-99B7-583AF8DA8509}
	EndProjectSection
EndProject
Project("{8BC9CEB8-8B4A-11D0-8D11-00A0C91BC942}") = "ext_xxtea", "engine\external\xxtea\ext_xxtea.vcxproj", "{2AAF02E5-A5A5-3F6A-88B5-EB2A6A29AACE}"
	ProjectSection(ProjectDependencies) = postProject
		{074233A1-207C-3C1A-99B7-583AF8DA8509} = {074233A1-207C-3C1A-99B7-583AF8DA8509}
	EndProjectSection
EndProject
Project("{8BC9CEB8-8B4A-11D0-8D11-00A0C91BC942}") = "external", "engine\external\external.vcxproj", "{F9A0B019-7FD3-3D3A-B32E-3612B2D41696}"
	ProjectSection(ProjectDependencies) = postProject
		{074233A1-207C-3C1A-99B7-583AF8DA8509} = {074233A1-207C-3C1A-99B7-583AF8DA8509}
		{32480BBF-8224-3B09-8CC4-605CB37E5B76} = {32480BBF-8224-3B09-8CC4-605CB37E5B76}
		{03A40285-98A8-33B1-8A31-22847CFB266E} = {03A40285-98A8-33B1-8A31-22847CFB266E}
		{9378FBC0-EAE5-3838-B32E-774091577CD6} = {9378FBC0-EAE5-3838-B32E-774091577CD6}
		{3ECF8580-B3D5-3317-8AAF-036913DE076D} = {3ECF8580-B3D5-3317-8AAF-036913DE076D}
		{FFCD1307-C7B1-31D8-9FB7-AFF085B9E223} = {FFCD1307-C7B1-31D8-9FB7-AFF085B9E223}
		{B0D9A64A-D1A4-319B-9194-BBA7234D686D} = {B0D9A64A-D1A4-319B-9194-BBA7234D686D}
		{E7263643-8C27-374C-BB70-A0074C0C5D84} = {E7263643-8C27-374C-BB70-A0074C0C5D84}
		{FE58F7E7-99D3-35F8-9548-B323F424C55E} = {FE58F7E7-99D3-35F8-9548-B323F424C55E}
		{E43FFDA9-0F96-3CBA-9D69-3C289F08C041} = {E43FFDA9-0F96-3CBA-9D69-3C289F08C041}
		{2AAF02E5-A5A5-3F6A-88B5-EB2A6A29AACE} = {2AAF02E5-A5A5-3F6A-88B5-EB2A6A29AACE}
	EndProjectSection
EndProject
Global
	GlobalSection(SolutionConfigurationPlatforms) = preSolution
		Debug|Win32 = Debug|Win32
		Release|Win32 = Release|Win32
		MinSizeRel|Win32 = MinSizeRel|Win32
		RelWithDebInfo|Win32 = RelWithDebInfo|Win32
	EndGlobalSection
	GlobalSection(ProjectConfigurationPlatforms) = postSolution
		{B9EB4397-E32D-38DD-B2E9-F5D7C5248CF3}.Debug|Win32.ActiveCfg = Debug|Win32
		{B9EB4397-E32D-38DD-B2E9-F5D7C5248CF3}.Release|Win32.ActiveCfg = Release|Win32
		{B9EB4397-E32D-38DD-B2E9-F5D7C5248CF3}.MinSizeRel|Win32.ActiveCfg = MinSizeRel|Win32
		{B9EB4397-E32D-38DD-B2E9-F5D7C5248CF3}.RelWithDebInfo|Win32.ActiveCfg = RelWithDebInfo|Win32
		{F07136FA-40FE-34E9-8F75-21C3EA5C0F94}.Debug|Win32.ActiveCfg = Debug|Win32
		{F07136FA-40FE-34E9-8F75-21C3EA5C0F94}.Debug|Win32.Build.0 = Debug|Win32
		{F07136FA-40FE-34E9-8F75-21C3EA5C0F94}.Release|Win32.ActiveCfg = Release|Win32
		{F07136FA-40FE-34E9-8F75-21C3EA5C0F94}.Release|Win32.Build.0 = Release|Win32
		{F07136FA-40FE-34E9-8F75-21C3EA5C0F94}.MinSizeRel|Win32.ActiveCfg = MinSizeRel|Win32
		{F07136FA-40FE-34E9-8F75-21C3EA5C0F94}.MinSizeRel|Win32.Build.0 = MinSizeRel|Win32
		{F07136FA-40FE-34E9-8F75-21C3EA5C0F94}.RelWithDebInfo|Win32.ActiveCfg = RelWithDebInfo|Win32
		{F07136FA-40FE-34E9-8F75-21C3EA5C0F94}.RelWithDebInfo|Win32.Build.0 = RelWithDebInfo|Win32
		{FB71AA04-ACC2-3F2F-99B7-F301785B51F6}.Debug|Win32.ActiveCfg = Debug|Win32
		{FB71AA04-ACC2-3F2F-99B7-F301785B51F6}.Debug|Win32.Build.0 = Debug|Win32
		{FB71AA04-ACC2-3F2F-99B7-F301785B51F6}.Release|Win32.ActiveCfg = Release|Win32
		{FB71AA04-ACC2-3F2F-99B7-F301785B51F6}.Release|Win32.Build.0 = Release|Win32
		{FB71AA04-ACC2-3F2F-99B7-F301785B51F6}.MinSizeRel|Win32.ActiveCfg = MinSizeRel|Win32
		{FB71AA04-ACC2-3F2F-99B7-F301785B51F6}.MinSizeRel|Win32.Build.0 = MinSizeRel|Win32
		{FB71AA04-ACC2-3F2F-99B7-F301785B51F6}.RelWithDebInfo|Win32.ActiveCfg = RelWithDebInfo|Win32
		{FB71AA04-ACC2-3F2F-99B7-F301785B51F6}.RelWithDebInfo|Win32.Build.0 = RelWithDebInfo|Win32
		{074233A1-207C-3C1A-99B7-583AF8DA8509}.Debug|Win32.ActiveCfg = Debug|Win32
		{074233A1-207C-3C1A-99B7-583AF8DA8509}.Debug|Win32.Build.0 = Debug|Win32
		{074233A1-207C-3C1A-99B7-583AF8DA8509}.Release|Win32.ActiveCfg = Release|Win32
		{074233A1-207C-3C1A-99B7-583AF8DA8509}.Release|Win32.Build.0 = Release|Win32
		{074233A1-207C-3C1A-99B7-583AF8DA8509}.MinSizeRel|Win32.ActiveCfg = MinSizeRel|Win32
		{074233A1-207C-3C1A-99B7-583AF8DA8509}.MinSizeRel|Win32.Build.0 = MinSizeRel|Win32
		{074233A1-207C-3C1A-99B7-583AF8DA8509}.RelWithDebInfo|Win32.ActiveCfg = RelWithDebInfo|Win32
		{074233A1-207C-3C1A-99B7-583AF8DA8509}.RelWithDebInfo|Win32.Build.0 = RelWithDebInfo|Win32
		{53B4E767-3537-326E-831E-FE790E503BF0}.Debug|Win32.ActiveCfg = Debug|Win32
		{53B4E767-3537-326E-831E-FE790E503BF0}.Debug|Win32.Build.0 = Debug|Win32
		{53B4E767-3537-326E-831E-FE790E503BF0}.Release|Win32.ActiveCfg = Release|Win32
		{53B4E767-3537-326E-831E-FE790E503BF0}.Release|Win32.Build.0 = Release|Win32
		{53B4E767-3537-326E-831E-FE790E503BF0}.MinSizeRel|Win32.ActiveCfg = MinSizeRel|Win32
		{53B4E767-3537-326E-831E-FE790E503BF0}.MinSizeRel|Win32.Build.0 = MinSizeRel|Win32
		{53B4E767-3537-326E-831E-FE790E503BF0}.RelWithDebInfo|Win32.ActiveCfg = RelWithDebInfo|Win32
		{53B4E767-3537-326E-831E-FE790E503BF0}.RelWithDebInfo|Win32.Build.0 = RelWithDebInfo|Win32
		{32480BBF-8224-3B09-8CC4-605CB37E5B76}.Debug|Win32.ActiveCfg = Debug|Win32
		{32480BBF-8224-3B09-8CC4-605CB37E5B76}.Debug|Win32.Build.0 = Debug|Win32
		{32480BBF-8224-3B09-8CC4-605CB37E5B76}.Release|Win32.ActiveCfg = Release|Win32
		{32480BBF-8224-3B09-8CC4-605CB37E5B76}.Release|Win32.Build.0 = Release|Win32
		{32480BBF-8224-3B09-8CC4-605CB37E5B76}.MinSizeRel|Win32.ActiveCfg = MinSizeRel|Win32
		{32480BBF-8224-3B09-8CC4-605CB37E5B76}.MinSizeRel|Win32.Build.0 = MinSizeRel|Win32
		{32480BBF-8224-3B09-8CC4-605CB37E5B76}.RelWithDebInfo|Win32.ActiveCfg = RelWithDebInfo|Win32
		{32480BBF-8224-3B09-8CC4-605CB37E5B76}.RelWithDebInfo|Win32.Build.0 = RelWithDebInfo|Win32
		{03A40285-98A8-33B1-8A31-22847CFB266E}.Debug|Win32.ActiveCfg = Debug|Win32
		{03A40285-98A8-33B1-8A31-22847CFB266E}.Debug|Win32.Build.0 = Debug|Win32
		{03A40285-98A8-33B1-8A31-22847CFB266E}.Release|Win32.ActiveCfg = Release|Win32
		{03A40285-98A8-33B1-8A31-22847CFB266E}.Release|Win32.Build.0 = Release|Win32
		{03A40285-98A8-33B1-8A31-22847CFB266E}.MinSizeRel|Win32.ActiveCfg = MinSizeRel|Win32
		{03A40285-98A8-33B1-8A31-22847CFB266E}.MinSizeRel|Win32.Build.0 = MinSizeRel|Win32
		{03A40285-98A8-33B1-8A31-22847CFB266E}.RelWithDebInfo|Win32.ActiveCfg = RelWithDebInfo|Win32
		{03A40285-98A8-33B1-8A31-22847CFB266E}.RelWithDebInfo|Win32.Build.0 = RelWithDebInfo|Win32
		{9378FBC0-EAE5-3838-B32E-774091577CD6}.Debug|Win32.ActiveCfg = Debug|Win32
		{9378FBC0-EAE5-3838-B32E-774091577CD6}.Debug|Win32.Build.0 = Debug|Win32
		{9378FBC0-EAE5-3838-B32E-774091577CD6}.Release|Win32.ActiveCfg = Release|Win32
		{9378FBC0-EAE5-3838-B32E-774091577CD6}.Release|Win32.Build.0 = Release|Win32
		{9378FBC0-EAE5-3838-B32E-774091577CD6}.MinSizeRel|Win32.ActiveCfg = MinSizeRel|Win32
		{9378FBC0-EAE5-3838-B32E-774091577CD6}.MinSizeRel|Win32.Build.0 = MinSizeRel|Win32
		{9378FBC0-EAE5-3838-B32E-774091577CD6}.RelWithDebInfo|Win32.ActiveCfg = RelWithDebInfo|Win32
		{9378FBC0-EAE5-3838-B32E-774091577CD6}.RelWithDebInfo|Win32.Build.0 = RelWithDebInfo|Win32
		{3ECF8580-B3D5-3317-8AAF-036913DE076D}.Debug|Win32.ActiveCfg = Debug|Win32
		{3ECF8580-B3D5-3317-8AAF-036913DE076D}.Debug|Win32.Build.0 = Debug|Win32
		{3ECF8580-B3D5-3317-8AAF-036913DE076D}.Release|Win32.ActiveCfg = Release|Win32
		{3ECF8580-B3D5-3317-8AAF-036913DE076D}.Release|Win32.Build.0 = Release|Win32
		{3ECF8580-B3D5-3317-8AAF-036913DE076D}.MinSizeRel|Win32.ActiveCfg = MinSizeRel|Win32
		{3ECF8580-B3D5-3317-8AAF-036913DE076D}.MinSizeRel|Win32.Build.0 = MinSizeRel|Win32
		{3ECF8580-B3D5-3317-8AAF-036913DE076D}.RelWithDebInfo|Win32.ActiveCfg = RelWithDebInfo|Win32
		{3ECF8580-B3D5-3317-8AAF-036913DE076D}.RelWithDebInfo|Win32.Build.0 = RelWithDebInfo|Win32
		{FFCD1307-C7B1-31D8-9FB7-AFF085B9E223}.Debug|Win32.ActiveCfg = Debug|Win32
		{FFCD1307-C7B1-31D8-9FB7-AFF085B9E223}.Debug|Win32.Build.0 = Debug|Win32
		{FFCD1307-C7B1-31D8-9FB7-AFF085B9E223}.Release|Win32.ActiveCfg = Release|Win32
		{FFCD1307-C7B1-31D8-9FB7-AFF085B9E223}.Release|Win32.Build.0 = Release|Win32
		{FFCD1307-C7B1-31D8-9FB7-AFF085B9E223}.MinSizeRel|Win32.ActiveCfg = MinSizeRel|Win32
		{FFCD1307-C7B1-31D8-9FB7-AFF085B9E223}.MinSizeRel|Win32.Build.0 = MinSizeRel|Win32
		{FFCD1307-C7B1-31D8-9FB7-AFF085B9E223}.RelWithDebInfo|Win32.ActiveCfg = RelWithDebInfo|Win32
		{FFCD1307-C7B1-31D8-9FB7-AFF085B9E223}.RelWithDebInfo|Win32.Build.0 = RelWithDebInfo|Win32
		{B0D9A64A-D1A4-319B-9194-BBA7234D686D}.Debug|Win32.ActiveCfg = Debug|Win32
		{B0D9A64A-D1A4-319B-9194-BBA7234D686D}.Debug|Win32.Build.0 = Debug|Win32
		{B0D9A64A-D1A4-319B-9194-BBA7234D686D}.Release|Win32.ActiveCfg = Release|Win32
		{B0D9A64A-D1A4-319B-9194-BBA7234D686D}.Release|Win32.Build.0 = Release|Win32
		{B0D9A64A-D1A4-319B-9194-BBA7234D686D}.MinSizeRel|Win32.ActiveCfg = MinSizeRel|Win32
		{B0D9A64A-D1A4-319B-9194-BBA7234D686D}.MinSizeRel|Win32.Build.0 = MinSizeRel|Win32
		{B0D9A64A-D1A4-319B-9194-BBA7234D686D}.RelWithDebInfo|Win32.ActiveCfg = RelWithDebInfo|Win32
		{B0D9A64A-D1A4-319B-9194-BBA7234D686D}.RelWithDebInfo|Win32.Build.0 = RelWithDebInfo|Win32
		{E7263643-8C27-374C-BB70-A0074C0C5D84}.Debug|Win32.ActiveCfg = Debug|Win32
		{E7263643-8C27-374C-BB70-A0074C0C5D84}.Debug|Win32.Build.0 = Debug|Win32
		{E7263643-8C27-374C-BB70-A0074C0C5D84}.Release|Win32.ActiveCfg = Release|Win32
		{E7263643-8C27-374C-BB70-A0074C0C5D84}.Release|Win32.Build.0 = Release|Win32
		{E7263643-8C27-374C-BB70-A0074C0C5D84}.MinSizeRel|Win32.ActiveCfg = MinSizeRel|Win32
		{E7263643-8C27-374C-BB70-A0074C0C5D84}.MinSizeRel|Win32.Build.0 = MinSizeRel|Win32
		{E7263643-8C27-374C-BB70-A0074C0C5D84}.RelWithDebInfo|Win32.ActiveCfg = RelWithDebInfo|Win32
		{E7263643-8C27-374C-BB70-A0074C0C5D84}.RelWithDebInfo|Win32.Build.0 = RelWithDebInfo|Win32
		{FE58F7E7-99D3-35F8-9548-B323F424C55E}.Debug|Win32.ActiveCfg = Debug|Win32
		{FE58F7E7-99D3-35F8-9548-B323F424C55E}.Debug|Win32.Build.0 = Debug|Win32
		{FE58F7E7-99D3-35F8-9548-B323F424C55E}.Release|Win32.ActiveCfg = Release|Win32
		{FE58F7E7-99D3-35F8-9548-B323F424C55E}.Release|Win32.Build.0 = Release|Win32
		{FE58F7E7-99D3-35F8-9548-B323F424C55E}.MinSizeRel|Win32.ActiveCfg = MinSizeRel|Win32
		{FE58F7E7-99D3-35F8-9548-B323F424C55E}.MinSizeRel|Win32.Build.0 = MinSizeRel|Win32
		{FE58F7E7-99D3-35F8-9548-B323F424C55E}.RelWithDebInfo|Win32.ActiveCfg = RelWithDebInfo|Win32
		{FE58F7E7-99D3-35F8-9548-B323F424C55E}.RelWithDebInfo|Win32.Build.0 = RelWithDebInfo|Win32
		{E43FFDA9-0F96-3CBA-9D69-3C289F08C041}.Debug|Win32.ActiveCfg = Debug|Win32
		{E43FFDA9-0F96-3CBA-9D69-3C289F08C041}.Debug|Win32.Build.0 = Debug|Win32
		{E43FFDA9-0F96-3CBA-9D69-3C289F08C041}.Release|Win32.ActiveCfg = Release|Win32
		{E43FFDA9-0F96-3CBA-9D69-3C289F08C041}.Release|Win32.Build.0 = Release|Win32
		{E43FFDA9-0F96-3CBA-9D69-3C289F08C041}.MinSizeRel|Win32.ActiveCfg = MinSizeRel|Win32
		{E43FFDA9-0F96-3CBA-9D69-3C289F08C041}.MinSizeRel|Win32.Build.0 = MinSizeRel|Win32
		{E43FFDA9-0F96-3CBA-9D69-3C289F08C041}.RelWithDebInfo|Win32.ActiveCfg = RelWithDebInfo|Win32
		{E43FFDA9-0F96-3CBA-9D69-3C289F08C041}.RelWithDebInfo|Win32.Build.0 = RelWithDebInfo|Win32
		{2AAF02E5-A5A5-3F6A-88B5-EB2A6A29AACE}.Debug|Win32.ActiveCfg = Debug|Win32
		{2AAF02E5-A5A5-3F6A-88B5-EB2A6A29AACE}.Debug|Win32.Build.0 = Debug|Win32
		{2AAF02E5-A5A5-3F6A-88B5-EB2A6A29AACE}.Release|Win32.ActiveCfg = Release|Win32
		{2AAF02E5-A5A5-3F6A-88B5-EB2A6A29AACE}.Release|Win32.Build.0 = Release|Win32
		{2AAF02E5-A5A5-3F6A-88B5-EB2A6A29AACE}.MinSizeRel|Win32.ActiveCfg = MinSizeRel|Win32
		{2AAF02E5-A5A5-3F6A-88B5-EB2A6A29AACE}.MinSizeRel|Win32.Build.0 = MinSizeRel|Win32
		{2AAF02E5-A5A5-3F6A-88B5-EB2A6A29AACE}.RelWithDebInfo|Win32.ActiveCfg = RelWithDebInfo|Win32
		{2AAF02E5-A5A5-3F6A-88B5-EB2A6A29AACE}.RelWithDebInfo|Win32.Build.0 = RelWithDebInfo|Win32
		{F9A0B019-7FD3-3D3A-B32E-3612B2D41696}.Debug|Win32.ActiveCfg = Debug|Win32
		{F9A0B019-7FD3-3D3A-B32E-3612B2D41696}.Debug|Win32.Build.0 = Debug|Win32
		{F9A0B019-7FD3-3D3A-B32E-3612B2D41696}.Release|Win32.ActiveCfg = Release|Win32
		{F9A0B019-7FD3-3D3A-B32E-3612B2D41696}.Release|Win32.Build.0 = Release|Win32
		{F9A0B019-7FD3-3D3A-B32E-3612B2D41696}.MinSizeRel|Win32.ActiveCfg = MinSizeRel|Win32
		{F9A0B019-7FD3-3D3A-B32E-3612B2D41696}.MinSizeRel|Win32.Build.0 = MinSizeRel|Win32
		{F9A0B019-7FD3-3D3A-B32E-3612B2D41696}.RelWithDebInfo|Win32.ActiveCfg = RelWithDebInfo|Win32
		{F9A0B019-7FD3-3D3A-B32E-3612B2D41696}.RelWithDebInfo|Win32.Build.0 = RelWithDebInfo|Win32
	EndGlobalSection
	GlobalSection(NestedProjects) = preSolution
		{B9EB4397-E32D-38DD-B2E9-F5D7C5248CF3} = {D078A553-8C9A-30DA-A517-7859A40EBB55}
		{074233A1-207C-3C1A-99B7-583AF8DA8509} = {D078A553-8C9A-30DA-A517-7859A40EBB55}
		{32480BBF-8224-3B09-8CC4-605CB37E5B76} = {05E46FBF-7B36-31FF-815B-215B09EB9AAA}
		{03A40285-98A8-33B1-8A31-22847CFB266E} = {05E46FBF-7B36-31FF-815B-215B09EB9AAA}
		{9378FBC0-EAE5-3838-B32E-774091577CD6} = {05E46FBF-7B36-31FF-815B-215B09EB9AAA}
		{3ECF8580-B3D5-3317-8AAF-036913DE076D} = {05E46FBF-7B36-31FF-815B-215B09EB9AAA}
		{FFCD1307-C7B1-31D8-9FB7-AFF085B9E223} = {05E46FBF-7B36-31FF-815B-215B09EB9AAA}
		{B0D9A64A-D1A4-319B-9194-BBA7234D686D} = {05E46FBF-7B36-31FF-815B-215B09EB9AAA}
		{E7263643-8C27-374C-BB70-A0074C0C5D84} = {05E46FBF-7B36-31FF-815B-215B09EB9AAA}
		{FE58F7E7-99D3-35F8-9548-B323F424C55E} = {05E46FBF-7B36-31FF-815B-215B09EB9AAA}
		{E43FFDA9-0F96-3CBA-9D69-3C289F08C041} = {05E46FBF-7B36-31FF-815B-215B09EB9AAA}
		{2AAF02E5-A5A5-3F6A-88B5-EB2A6A29AACE} = {05E46FBF-7B36-31FF-815B-215B09EB9AAA}
		{F9A0B019-7FD3-3D3A-B32E-3612B2D41696} = {05E46FBF-7B36-31FF-815B-215B09EB9AAA}
		{53B4E767-3537-326E-831E-FE790E503BF0} = {C5B5EAFB-3FC6-301F-97A7-E6CF90B4A355}
		{FB71AA04-ACC2-3F2F-99B7-F301785B51F6} = {7A6F75E9-5EF4-3728-B016-104DD5C9250A}
	EndGlobalSection
	GlobalSection(ExtensibilityGlobals) = postSolution
		SolutionGuid = {AFA29015-7D27-3AAD-B6C5-6AB0B051F36E}
	EndGlobalSection
	GlobalSection(ExtensibilityAddIns) = postSolution
	EndGlobalSection
EndGlobal
